{
  "lockfile_version": "1",
  "packages": {
    "erlang_27@27.1.2": {
      "last_modified": "2024-11-16T04:25:12Z",
      "resolved": "github:NixOS/nixpkgs/34a626458d686f1b58139620a8b2793e9e123bba#erlang_27",
      "source": "devbox-search",
      "version": "27.1.2",
      "systems": {
        "aarch64-darwin": {
          "outputs": [
            {
              "name": "out",
              "path": "/nix/store/20rzkxiib0vb5b40357dm52vi374p6nj-erlang-27.1.2",
              "default": true
            }
          ],
          "store_path": "/nix/store/20rzkxiib0vb5b40357dm52vi374p6nj-erlang-27.1.2"
        },
        "aarch64-linux": {
          "outputs": [
            {
              "name": "out",
              "path": "/nix/store/sgc7p3s4ph3gr093a1cjgss01jcp0lv8-erlang-27.1.2",
              "default": true
            }
          ],
          "store_path": "/nix/store/sgc7p3s4ph3gr093a1cjgss01jcp0lv8-erlang-27.1.2"
        },
        "x86_64-darwin": {
          "outputs": [
            {
              "name": "out",
              "path": "/nix/store/sfj0jzvqfpcgad7yv64hlvb58wgsprd3-erlang-27.1.2",
              "default": true
            }
          ],
          "store_path": "/nix/store/sfj0jzvqfpcgad7yv64hlvb58wgsprd3-erlang-27.1.2"
        },
        "x86_64-linux": {
          "outputs": [
            {
              "name": "out",
              "path": "/nix/store/ws1daqn3q81pbvwl53qv0pc46i5k4y4f-erlang-27.1.2",
              "default": true
            }
          ],
          "store_path": "/nix/store/ws1daqn3q81pbvwl53qv0pc46i5k4y4f-erlang-27.1.2"
        }
      }
    },
    "github:NixOS/nixpkgs/nixpkgs-unstable": {
      "last_modified": "2025-07-18T12:29:53Z",
      "resolved": "github:NixOS/nixpkgs/8131c0ea9df6293a247be743a387ff725e464db7?lastModified=1752841793&narHash=sha256-pGvcN%2FyiJ4e3%2FhgvTwkyZvl6c3HuLLCY%2FhjEzDuQB54%3D"
    },
    "glibcLocales@latest": {
      "last_modified": "2025-07-28T17:09:23Z",
      "resolved": "github:NixOS/nixpkgs/648f70160c03151bc2121d179291337ad6bc564b#glibcLocales",
      "source": "devbox-search",
      "version": "2.40-66",
      "systems": {
        "aarch64-linux": {
          "outputs": [
            {
              "name": "out",
              "path": "/nix/store/3qf3dikps0lyifxs01mibkb019gzwfka-glibc-locales-2.40-66",
              "default": true
            }
          ],
          "store_path": "/nix/store/3qf3dikps0lyifxs01mibkb019gzwfka-glibc-locales-2.40-66"
        },
        "x86_64-linux": {
          "outputs": [
            {
              "name": "out",
              "path": "/nix/store/f01i3lw7r2mcyin7pfm6ww3sdyrpy9mb-glibc-locales-2.40-66",
              "default": true
            }
          ],
          "store_path": "/nix/store/f01i3lw7r2mcyin7pfm6ww3sdyrpy9mb-glibc-locales-2.40-66"
        }
      }
    },
    "hadolint@2.12.0": {
      "last_modified": "2024-11-16T04:25:12Z",
      "resolved": "github:NixOS/nixpkgs/34a626458d686f1b58139620a8b2793e9e123bba#hadolint",
      "source": "devbox-search",
      "version": "2.12.0",
      "systems": {
        "aarch64-darwin": {
          "outputs": [
            {
              "name": "out",
              "path": "/nix/store/dj512gggp0a6f1da6bmxgmb9p66hs1s7-hadolint-2.12.0",
              "default": true
            },
            {
              "name": "doc",
              "path": "/nix/store/44p3ns7pksw284hmwl92nj4ikngvlcfq-hadolint-2.12.0-doc"
            }
          ],
          "store_path": "/nix/store/dj512gggp0a6f1da6bmxgmb9p66hs1s7-hadolint-2.12.0"
        },
        "aarch64-linux": {
          "outputs": [
            {
              "name": "out",
              "path": "/nix/store/l5xjlx9qvm64pra4mx2r9lmx5ddvhpn3-hadolint-2.12.0",
              "default": true
            }
          ],
          "store_path": "/nix/store/l5xjlx9qvm64pra4mx2r9lmx5ddvhpn3-hadolint-2.12.0"
        },
        "x86_64-darwin": {
          "outputs": [
            {
              "name": "out",
              "path": "/nix/store/6vl7pfmdp568hzi69gbfgiyy0ai0pd0a-hadolint-2.12.0",
              "default": true
            }
          ],
          "store_path": "/nix/store/6vl7pfmdp568hzi69gbfgiyy0ai0pd0a-hadolint-2.12.0"
        },
        "x86_64-linux": {
          "outputs": [
            {
              "name": "out",
              "path": "/nix/store/5c5k1gzcgyv84dmhn8r9j1qwn7af7rhf-hadolint-2.12.0",
              "default": true
            }
          ],
          "store_path": "/nix/store/5c5k1gzcgyv84dmhn8r9j1qwn7af7rhf-hadolint-2.12.0"
        }
      }
    },
    "inotify-tools@4.23.9.0": {
      "last_modified": "2024-11-16T04:25:12Z",
      "resolved": "github:NixOS/nixpkgs/34a626458d686f1b58139620a8b2793e9e123bba#inotify-tools",
      "source": "devbox-search",
      "version": "4.23.9.0",
      "systems": {
        "aarch64-linux": {
          "outputs": [
            {
              "name": "out",
              "path": "/nix/store/a2mxphib13syfb6ql29zvaj1sfi9yppr-inotify-tools-4.23.9.0",
              "default": true
            }
          ],
          "store_path": "/nix/store/a2mxphib13syfb6ql29zvaj1sfi9yppr-inotify-tools-4.23.9.0"
        },
        "x86_64-linux": {
          "outputs": [
            {
              "name": "out",
              "path": "/nix/store/00fikwlsjw3ybrml92q9xy81kbv54v40-inotify-tools-4.23.9.0",
              "default": true
            }
          ],
          "store_path": "/nix/store/00fikwlsjw3ybrml92q9xy81kbv54v40-inotify-tools-4.23.9.0"
        }
      }
    },
    "mise@2024.9.0": {
      "last_modified": "2024-10-15T08:13:08Z",
      "resolved": "github:NixOS/nixpkgs/7881fbfd2e3ed1dfa315fca889b2cfd94be39337#mise",
      "source": "devbox-search",
      "version": "2024.9.0",
      "systems": {
        "aarch64-darwin": {
          "outputs": [
            {
              "name": "out",
              "path": "/nix/store/717vb3lcj4swlndkjaqrqmvymi36zc8d-mise-2024.9.0",
              "default": true
            }
          ],
          "store_path": "/nix/store/717vb3lcj4swlndkjaqrqmvymi36zc8d-mise-2024.9.0"
        },
        "aarch64-linux": {
          "outputs": [
            {
              "name": "out",
              "path": "/nix/store/b3anawmi3r337n0sma7w23jrk1gjcv9x-mise-2024.9.0",
              "default": true
            }
          ],
          "store_path": "/nix/store/b3anawmi3r337n0sma7w23jrk1gjcv9x-mise-2024.9.0"
        },
        "x86_64-darwin": {
          "outputs": [
            {
              "name": "out",
              "path": "/nix/store/fhjdpl9ylndy4ckjrlw9zy7kzk42323s-mise-2024.9.0",
              "default": true
            }
          ],
          "store_path": "/nix/store/fhjdpl9ylndy4ckjrlw9zy7kzk42323s-mise-2024.9.0"
        },
        "x86_64-linux": {
          "outputs": [
            {
              "name": "out",
              "path": "/nix/store/5p7y4ns0dqdwc5kcikfp7kl45wdciy90-mise-2024.9.0",
              "default": true
            }
          ],
          "store_path": "/nix/store/5p7y4ns0dqdwc5kcikfp7kl45wdciy90-mise-2024.9.0"
        }
      }
    },
    "postgresql@16.4": {
      "last_modified": "2024-11-17T04:10:55Z",
      "plugin_version": "0.0.2",
      "resolved": "github:NixOS/nixpkgs/0a14706530dcb90acecb81ce0da219d88baaae75#postgresql",
      "source": "devbox-search",
      "version": "16.4",
      "systems": {
        "aarch64-darwin": {
          "outputs": [
            {
              "name": "out",
              "path": "/nix/store/j6n9b877yhrnkp9z9p1gllxpnfvdrbrb-postgresql-16.4",
              "default": true
            },
            {
              "name": "man",
              "path": "/nix/store/465icqyw6m38jxpx5yr1ri26ki0f96sz-postgresql-16.4-man",
              "default": true
            },
            {
              "name": "dev",
              "path": "/nix/store/jvw9nsblsbh9m4n551sq7qnw82hhsv08-postgresql-16.4-dev"
            },
            {
              "name": "doc",
              "path": "/nix/store/fk1x8k1qsiaasp73qnzyrzw4ylaf1xy6-postgresql-16.4-doc"
            },
            {
              "name": "lib",
              "path": "/nix/store/l9w6d22hrcrxkv005g2gbzhvk64vp4rm-postgresql-16.4-lib"
            }
          ],
          "store_path": "/nix/store/j6n9b877yhrnkp9z9p1gllxpnfvdrbrb-postgresql-16.4"
        },
        "aarch64-linux": {
          "outputs": [
            {
              "name": "out",
              "path": "/nix/store/2ywn472iqfdiyw5w4frm63rn3nyrkgn1-postgresql-16.4",
              "default": true
            },
            {
              "name": "man",
              "path": "/nix/store/650fqsb195p9x00jgqgzkisjwddbvgfd-postgresql-16.4-man",
              "default": true
            },
            {
              "name": "debug",
              "path": "/nix/store/wm34pd2y04mjgvhanqw4ymmhds56l9da-postgresql-16.4-debug"
            },
            {
              "name": "dev",
              "path": "/nix/store/ai2ckvi44jdh9i5078gj5brdwsxk4ydm-postgresql-16.4-dev"
            },
            {
              "name": "doc",
              "path": "/nix/store/qys6z2y4iwr0f6ahpq9gcv9hb551w479-postgresql-16.4-doc"
            },
            {
              "name": "lib",
              "path": "/nix/store/pii1vyxbzggi7aqy7xglav8p52c0qfp2-postgresql-16.4-lib"
            }
          ],
          "store_path": "/nix/store/2ywn472iqfdiyw5w4frm63rn3nyrkgn1-postgresql-16.4"
        },
        "x86_64-darwin": {
          "outputs": [
            {
              "name": "out",
              "path": "/nix/store/5k1p2jjnsdcsvk8zpsqxlzhajh1x9ghq-postgresql-16.4",
              "default": true
            },
            {
              "name": "man",
              "path": "/nix/store/p8b24icm7xiwlky1dggqcinn1ah92agl-postgresql-16.4-man",
              "default": true
            },
            {
              "name": "lib",
              "path": "/nix/store/4va0gp1c718dk1zyqs0il2gn7a81spr0-postgresql-16.4-lib"
            },
            {
              "name": "dev",
              "path": "/nix/store/cvl9wdw387jk02bbhm1qvidzl18hayyr-postgresql-16.4-dev"
            },
            {
              "name": "doc",
              "path": "/nix/store/ysmwxhh3s2l1k2jkzxq0bv6vdzlgr14j-postgresql-16.4-doc"
            }
          ],
          "store_path": "/nix/store/5k1p2jjnsdcsvk8zpsqxlzhajh1x9ghq-postgresql-16.4"
        },
        "x86_64-linux": {
          "outputs": [
            {
              "name": "out",
              "path": "/nix/store/ypx0whdqvwbql73nija0zrm4z3rgcm9l-postgresql-16.4",
              "default": true
            },
            {
              "name": "man",
              "path": "/nix/store/7x75jfmpc7x36863cf6kr61ikcz787ki-postgresql-16.4-man",
              "default": true
            },
            {
              "name": "debug",
              "path": "/nix/store/pxhd0wq2sbafamjmcp7f890qza76gwav-postgresql-16.4-debug"
            },
            {
              "name": "dev",
              "path": "/nix/store/20i6jma3fbm4sw060hdnrs311fw4aczj-postgresql-16.4-dev"
            },
            {
              "name": "doc",
              "path": "/nix/store/4c7h8sg2i0jim6hzmzhjw5nn0zmx1xvd-postgresql-16.4-doc"
            },
            {
              "name": "lib",
              "path": "/nix/store/xd8ks7bs2p7gjgk8h98bfg8801swl9m0-postgresql-16.4-lib"
            }
          ],
          "store_path": "/nix/store/ypx0whdqvwbql73nija0zrm4z3rgcm9l-postgresql-16.4"
        }
      }
    },
    "shellcheck@0.10.0": {
      "last_modified": "2024-11-16T04:25:12Z",
      "resolved": "github:NixOS/nixpkgs/34a626458d686f1b58139620a8b2793e9e123bba#shellcheck",
      "source": "devbox-search",
      "version": "0.10.0",
      "systems": {
        "aarch64-darwin": {
          "outputs": [
            {
              "name": "bin",
              "path": "/nix/store/vbk29hlm6366ypf7sjpmhqfq77fci4hk-shellcheck-0.10.0-bin",
              "default": true
            },
            {
              "name": "man",
              "path": "/nix/store/9y8j1pjnbm4x63jfwr2457ari50bcwkq-shellcheck-0.10.0-man",
              "default": true
            },
            {
              "name": "doc",
              "path": "/nix/store/r2h67i2vlh2z3i6a95a6cq7aga8n5lai-shellcheck-0.10.0-doc",
              "default": true
            },
            {
              "name": "out",
              "path": "/nix/store/mppnnmgsnvl7hy2day2cpbb3synwnvz9-shellcheck-0.10.0"
            }
          ],
          "store_path": "/nix/store/vbk29hlm6366ypf7sjpmhqfq77fci4hk-shellcheck-0.10.0-bin"
        },
        "aarch64-linux": {
          "outputs": [
            {
              "name": "bin",
              "path": "/nix/store/k70kq24labhf2r54xj8jsvs3kqm6lwxp-shellcheck-0.10.0-bin",
              "default": true
            },
            {
              "name": "man",
              "path": "/nix/store/7pd0kr8a8xqz1wh2l1swk9wckf6v40c1-shellcheck-0.10.0-man",
              "default": true
            },
            {
              "name": "doc",
              "path": "/nix/store/hwgj8c8y279zrvf2mnspcndp6dp9z1x7-shellcheck-0.10.0-doc",
              "default": true
            },
            {
              "name": "out",
              "path": "/nix/store/rp0p9h4svwz890wmdm3afdl8655rg1m4-shellcheck-0.10.0"
            }
          ],
          "store_path": "/nix/store/k70kq24labhf2r54xj8jsvs3kqm6lwxp-shellcheck-0.10.0-bin"
        },
        "x86_64-darwin": {
          "outputs": [
            {
              "name": "bin",
              "path": "/nix/store/dflfkn5aiywxikdqb524lbk7qa51c7vn-shellcheck-0.10.0-bin",
              "default": true
            },
            {
              "name": "man",
              "path": "/nix/store/azgfvnl4f4cri68ns1j7k3642bl103i7-shellcheck-0.10.0-man",
              "default": true
            },
            {
              "name": "doc",
              "path": "/nix/store/ry5kz9ln9r7lyv5qhv39d3gfr5fl6qkp-shellcheck-0.10.0-doc",
              "default": true
            },
            {
              "name": "out",
              "path": "/nix/store/pp1bmvzn76lkg4xk4rxww2i6bnqz7bva-shellcheck-0.10.0"
            }
          ],
          "store_path": "/nix/store/dflfkn5aiywxikdqb524lbk7qa51c7vn-shellcheck-0.10.0-bin"
        },
        "x86_64-linux": {
          "outputs": [
            {
              "name": "bin",
              "path": "/nix/store/dkssi8wkf0yg2x0lpmafi49crmyxraix-shellcheck-0.10.0-bin",
              "default": true
            },
            {
              "name": "man",
              "path": "/nix/store/nkp960f3ialydb6jvw8ac7l44lkw68by-shellcheck-0.10.0-man",
              "default": true
            },
            {
              "name": "doc",
              "path": "/nix/store/aikkw4sxmdi6n3nlgrl6gq5415w0dpam-shellcheck-0.10.0-doc",
              "default": true
            },
            {
              "name": "out",
              "path": "/nix/store/zchhiq4nzmqnlcdwac35d8l951f34776-shellcheck-0.10.0"
            }
          ],
          "store_path": "/nix/store/dkssi8wkf0yg2x0lpmafi49crmyxraix-shellcheck-0.10.0-bin"
        }
      }
    },
    "shfmt@3.10.0": {
      "last_modified": "2024-11-16T04:25:12Z",
      "resolved": "github:NixOS/nixpkgs/34a626458d686f1b58139620a8b2793e9e123bba#shfmt",
      "source": "devbox-search",
      "version": "3.10.0",
      "systems": {
        "aarch64-darwin": {
          "outputs": [
            {
              "name": "out",
              "path": "/nix/store/kljs88z59bk97h0y4s2y866dblgf9f96-shfmt-3.10.0",
              "default": true
            }
          ],
          "store_path": "/nix/store/kljs88z59bk97h0y4s2y866dblgf9f96-shfmt-3.10.0"
        },
        "aarch64-linux": {
          "outputs": [
            {
              "name": "out",
              "path": "/nix/store/q0q4hwhr60l768g2cy617rz0li7ydlag-shfmt-3.10.0",
              "default": true
            }
          ],
          "store_path": "/nix/store/q0q4hwhr60l768g2cy617rz0li7ydlag-shfmt-3.10.0"
        },
        "x86_64-darwin": {
          "outputs": [
            {
              "name": "out",
              "path": "/nix/store/6ppiscgh1m8qprsxwvwbk6r1067rlakl-shfmt-3.10.0",
              "default": true
            }
          ],
          "store_path": "/nix/store/6ppiscgh1m8qprsxwvwbk6r1067rlakl-shfmt-3.10.0"
        },
        "x86_64-linux": {
          "outputs": [
            {
              "name": "out",
              "path": "/nix/store/h2h7x5kiafxihrshxcmg5ah0q4zwhqbj-shfmt-3.10.0",
              "default": true
            }
          ],
          "store_path": "/nix/store/h2h7x5kiafxihrshxcmg5ah0q4zwhqbj-shfmt-3.10.0"
        }
      }
    },
    "unzip@6.0": {
      "last_modified": "2024-11-16T04:25:12Z",
      "resolved": "github:NixOS/nixpkgs/34a626458d686f1b58139620a8b2793e9e123bba#unzip",
      "source": "devbox-search",
      "version": "6.0",
      "systems": {
        "aarch64-darwin": {
          "outputs": [
            {
              "name": "out",
              "path": "/nix/store/amfcwqv0zsh2jcws574yn80pasls47q8-unzip-6.0",
              "default": true
            }
          ],
          "store_path": "/nix/store/amfcwqv0zsh2jcws574yn80pasls47q8-unzip-6.0"
        },
        "aarch64-linux": {
          "outputs": [
            {
              "name": "out",
              "path": "/nix/store/zf7psadkf0vkf5bdynb1gach8sfb9aki-unzip-6.0",
              "default": true
            }
          ],
          "store_path": "/nix/store/zf7psadkf0vkf5bdynb1gach8sfb9aki-unzip-6.0"
        },
        "x86_64-darwin": {
          "outputs": [
            {
              "name": "out",
              "path": "/nix/store/hwpky1zqgs1hl7zb7ib3m7gb912kkrpg-unzip-6.0",
              "default": true
            }
          ],
          "store_path": "/nix/store/hwpky1zqgs1hl7zb7ib3m7gb912kkrpg-unzip-6.0"
        },
        "x86_64-linux": {
          "outputs": [
            {
              "name": "out",
              "path": "/nix/store/nqhwigwwp19w6xjy86v7jqr0aj6kal44-unzip-6.0",
              "default": true
            }
          ],
          "store_path": "/nix/store/nqhwigwwp19w6xjy86v7jqr0aj6kal44-unzip-6.0"
        }
      }
    }
  }
}
