{
  "lockfile_version": "1",
  "packages": {
    "erlang_27@27.0.1": {
      "last_modified": "2024-09-28T02:58:32Z",
      "resolved": "github:NixOS/nixpkgs/4471f9f67fe0f95f5fec4cc2ebac59fe32af2b62#erlang_27",
      "source": "devbox-search",
      "version": "27.0.1",
      "systems": {
        "aarch64-darwin": {
          "outputs": [
            {
              "name": "out",
              "path": "/nix/store/j53ffa5vk40akzjr38q8k29q3fr2a704-erlang-27.0.1",
              "default": true
            }
          ],
          "store_path": "/nix/store/j53ffa5vk40akzjr38q8k29q3fr2a704-erlang-27.0.1"
        },
        "aarch64-linux": {
          "outputs": [
            {
              "name": "out",
              "path": "/nix/store/zjzcx9gn3qzf2mwqjw9krqyv9cspf5gv-erlang-27.0.1",
              "default": true
            }
          ],
          "store_path": "/nix/store/zjzcx9gn3qzf2mwqjw9krqyv9cspf5gv-erlang-27.0.1"
        },
        "x86_64-darwin": {
          "outputs": [
            {
              "name": "out",
              "path": "/nix/store/rmniqyd2r9qzh22bsnrc0nigl9rsbzma-erlang-27.0.1",
              "default": true
            }
          ],
          "store_path": "/nix/store/rmniqyd2r9qzh22bsnrc0nigl9rsbzma-erlang-27.0.1"
        },
        "x86_64-linux": {
          "outputs": [
            {
              "name": "out",
              "path": "/nix/store/wxr7zcrpl249pnn6kvhcxbq938vzcamb-erlang-27.0.1",
              "default": true
            }
          ],
          "store_path": "/nix/store/wxr7zcrpl249pnn6kvhcxbq938vzcamb-erlang-27.0.1"
        }
      }
    },
    "hadolint@2.12.0": {
      "last_modified": "2024-09-10T15:01:03Z",
      "resolved": "github:NixOS/nixpkgs/5ed627539ac84809c78b2dd6d26a5cebeb5ae269#hadolint",
      "source": "devbox-search",
      "version": "2.12.0",
      "systems": {
        "aarch64-darwin": {
          "outputs": [
            {
              "name": "out",
              "path": "/nix/store/g0idw80k5mywkz7j18nkiddqn4n6zj0b-hadolint-2.12.0",
              "default": true
            },
            {
              "name": "doc",
              "path": "/nix/store/4x0zk8fc1wk88bvawnjmcg09213871g4-hadolint-2.12.0-doc"
            }
          ],
          "store_path": "/nix/store/g0idw80k5mywkz7j18nkiddqn4n6zj0b-hadolint-2.12.0"
        },
        "aarch64-linux": {
          "outputs": [
            {
              "name": "out",
              "path": "/nix/store/0djrjfwj8q2lsr3gsg0xdwg98wlv4bxs-hadolint-2.12.0",
              "default": true
            }
          ],
          "store_path": "/nix/store/0djrjfwj8q2lsr3gsg0xdwg98wlv4bxs-hadolint-2.12.0"
        },
        "x86_64-darwin": {
          "outputs": [
            {
              "name": "out",
              "path": "/nix/store/943bbgly7jkh3z7bvyy1sskh7lqdxdai-hadolint-2.12.0",
              "default": true
            }
          ],
          "store_path": "/nix/store/943bbgly7jkh3z7bvyy1sskh7lqdxdai-hadolint-2.12.0"
        },
        "x86_64-linux": {
          "outputs": [
            {
              "name": "out",
              "path": "/nix/store/w2mjc293mp6g1njakxbwz0xgc7ry2yw2-hadolint-2.12.0",
              "default": true
            }
          ],
          "store_path": "/nix/store/w2mjc293mp6g1njakxbwz0xgc7ry2yw2-hadolint-2.12.0"
        }
      }
    },
    "inotify-tools@4.23.9.0": {
      "last_modified": "2024-09-10T15:01:03Z",
      "resolved": "github:NixOS/nixpkgs/5ed627539ac84809c78b2dd6d26a5cebeb5ae269#inotify-tools",
      "source": "devbox-search",
      "version": "4.23.9.0",
      "systems": {
        "aarch64-linux": {
          "outputs": [
            {
              "name": "out",
              "path": "/nix/store/zm3592zxg0psjgjv32ivx119vb4zdbia-inotify-tools-4.23.9.0",
              "default": true
            }
          ],
          "store_path": "/nix/store/zm3592zxg0psjgjv32ivx119vb4zdbia-inotify-tools-4.23.9.0"
        },
        "x86_64-linux": {
          "outputs": [
            {
              "name": "out",
              "path": "/nix/store/c7lxmwsnnh3865advh3vj2z3qdcrkcv1-inotify-tools-4.23.9.0",
              "default": true
            }
          ],
          "store_path": "/nix/store/c7lxmwsnnh3865advh3vj2z3qdcrkcv1-inotify-tools-4.23.9.0"
        }
      }
    },
    "mise@2024.9.0": {
      "last_modified": "2024-09-10T15:01:03Z",
      "resolved": "github:NixOS/nixpkgs/5ed627539ac84809c78b2dd6d26a5cebeb5ae269#mise",
      "source": "devbox-search",
      "version": "2024.9.0",
      "systems": {
        "aarch64-darwin": {
          "outputs": [
            {
              "name": "out",
              "path": "/nix/store/jdrig51xwgn3w1v0zwcfajajdw6q28il-mise-2024.9.0",
              "default": true
            }
          ],
          "store_path": "/nix/store/jdrig51xwgn3w1v0zwcfajajdw6q28il-mise-2024.9.0"
        },
        "aarch64-linux": {
          "outputs": [
            {
              "name": "out",
              "path": "/nix/store/v01r3j4gwm02vsjn2vgw5mz0i1avnhpw-mise-2024.9.0",
              "default": true
            }
          ],
          "store_path": "/nix/store/v01r3j4gwm02vsjn2vgw5mz0i1avnhpw-mise-2024.9.0"
        },
        "x86_64-darwin": {
          "outputs": [
            {
              "name": "out",
              "path": "/nix/store/fnwn7pkfbq4saidmjcmr1v6ihka3kzaw-mise-2024.9.0",
              "default": true
            }
          ],
          "store_path": "/nix/store/fnwn7pkfbq4saidmjcmr1v6ihka3kzaw-mise-2024.9.0"
        },
        "x86_64-linux": {
          "outputs": [
            {
              "name": "out",
              "path": "/nix/store/hqfrm0bbs8b8qydavwx6sq3c1i9gbh37-mise-2024.9.0",
              "default": true
            }
          ],
          "store_path": "/nix/store/hqfrm0bbs8b8qydavwx6sq3c1i9gbh37-mise-2024.9.0"
        }
      }
    },
    "postgresql_16@16.3": {
      "last_modified": "2024-08-10T20:11:49Z",
      "plugin_version": "0.0.2",
      "resolved": "github:NixOS/nixpkgs/e1d92cda6fd1bcec60e4938ce92fcee619eea793#postgresql_16",
      "source": "devbox-search",
      "version": "16.3",
      "systems": {
        "aarch64-darwin": {
          "outputs": [
            {
              "name": "out",
              "path": "/nix/store/c66z05pixp2gdllj0vbjxki03y4r63nf-postgresql-16.3",
              "default": true
            },
            {
              "name": "man",
              "path": "/nix/store/g7299mah9s3y1xwvy38hyjg7b1nxayr3-postgresql-16.3-man",
              "default": true
            },
            {
              "name": "doc",
              "path": "/nix/store/n4c12fs0rpwzqpwzxrawn0wpmynmzp1p-postgresql-16.3-doc"
            },
            {
              "name": "lib",
              "path": "/nix/store/gyhxlcbz5sr9mjsa4xpxy4lhnn5ypdg3-postgresql-16.3-lib"
            }
          ],
          "store_path": "/nix/store/c66z05pixp2gdllj0vbjxki03y4r63nf-postgresql-16.3"
        },
        "aarch64-linux": {
          "outputs": [
            {
              "name": "out",
              "path": "/nix/store/xgxn6x8czyg2snk5zr0pmxcj2fvd3i74-postgresql-16.3",
              "default": true
            },
            {
              "name": "man",
              "path": "/nix/store/v7n89dk9fwmq51swc9wcyhf08fx14irq-postgresql-16.3-man",
              "default": true
            },
            {
              "name": "lib",
              "path": "/nix/store/sfqwzgsbdqxm86s5hpn6s44rir2jck2n-postgresql-16.3-lib"
            },
            {
              "name": "debug",
              "path": "/nix/store/4fq2j1n68ijx4c5100ccrfr7xnvn3pa4-postgresql-16.3-debug"
            },
            {
              "name": "doc",
              "path": "/nix/store/phd48smi19g97zidnwz7mc6dp9ccqffd-postgresql-16.3-doc"
            }
          ],
          "store_path": "/nix/store/xgxn6x8czyg2snk5zr0pmxcj2fvd3i74-postgresql-16.3"
        },
        "x86_64-darwin": {
          "outputs": [
            {
              "name": "out",
              "path": "/nix/store/wc8ljgp8i4xy3h7nbng5zbqhmsycxq2r-postgresql-16.3",
              "default": true
            },
            {
              "name": "man",
              "path": "/nix/store/ddrxjv1kya1324yddr49zdagh6xnvpk3-postgresql-16.3-man",
              "default": true
            },
            {
              "name": "doc",
              "path": "/nix/store/kxsglsjkb66am3x4kvz27l3qhnl7fyrw-postgresql-16.3-doc"
            },
            {
              "name": "lib",
              "path": "/nix/store/ycsms6g71893ylrrdw6v3dc6q39d3bwh-postgresql-16.3-lib"
            }
          ],
          "store_path": "/nix/store/wc8ljgp8i4xy3h7nbng5zbqhmsycxq2r-postgresql-16.3"
        },
        "x86_64-linux": {
          "outputs": [
            {
              "name": "out",
              "path": "/nix/store/w21l2dnc8xqvynv067zkn4w53sa2kaqd-postgresql-16.3",
              "default": true
            },
            {
              "name": "man",
              "path": "/nix/store/7nl9z2dlmrwcz3nwq1nyfsi84zr62rv0-postgresql-16.3-man",
              "default": true
            },
            {
              "name": "debug",
              "path": "/nix/store/valjjpr7yvzhqynwm0y8p3rrs374fkvj-postgresql-16.3-debug"
            },
            {
              "name": "doc",
              "path": "/nix/store/i5h9jmckcy71jfngjlcf3fndkjx5asm0-postgresql-16.3-doc"
            },
            {
              "name": "lib",
              "path": "/nix/store/dz06p09qyj4d8hpldv3i2s015wi3q709-postgresql-16.3-lib"
            }
          ],
          "store_path": "/nix/store/w21l2dnc8xqvynv067zkn4w53sa2kaqd-postgresql-16.3"
        }
      }
    },
    "shellcheck@0.10.0": {
      "last_modified": "2024-09-10T15:01:03Z",
      "resolved": "github:NixOS/nixpkgs/5ed627539ac84809c78b2dd6d26a5cebeb5ae269#shellcheck",
      "source": "devbox-search",
      "version": "0.10.0",
      "systems": {
        "aarch64-darwin": {
          "outputs": [
            {
              "name": "bin",
              "path": "/nix/store/b8fvypb7p1j34vyqhvcscxf6v3hd4rzi-shellcheck-0.10.0-bin",
              "default": true
            },
            {
              "name": "man",
              "path": "/nix/store/a3igvbwzl5kn99mdsk066hc2xpg6dcw1-shellcheck-0.10.0-man",
              "default": true
            },
            {
              "name": "doc",
              "path": "/nix/store/sy36k86ian4kv8hnhp7b30h0gi9sv1fr-shellcheck-0.10.0-doc",
              "default": true
            },
            {
              "name": "out",
              "path": "/nix/store/ki7fkicaqb2327z0m6c4ps2mnlk56bc1-shellcheck-0.10.0"
            }
          ],
          "store_path": "/nix/store/b8fvypb7p1j34vyqhvcscxf6v3hd4rzi-shellcheck-0.10.0-bin"
        },
        "aarch64-linux": {
          "outputs": [
            {
              "name": "bin",
              "path": "/nix/store/45crgxigaf2mypxrlmn0j80wcjs6iv8a-shellcheck-0.10.0-bin",
              "default": true
            },
            {
              "name": "man",
              "path": "/nix/store/7b8zszvzz97i4iaxb758y7cl1qnr5nwr-shellcheck-0.10.0-man",
              "default": true
            },
            {
              "name": "doc",
              "path": "/nix/store/j5kbr0n1q5lb73h6hf92wmf9x1zz05jh-shellcheck-0.10.0-doc",
              "default": true
            },
            {
              "name": "out",
              "path": "/nix/store/jc0j2hqq41hwsj66dq5cmnd38brn45dd-shellcheck-0.10.0"
            }
          ],
          "store_path": "/nix/store/45crgxigaf2mypxrlmn0j80wcjs6iv8a-shellcheck-0.10.0-bin"
        },
        "x86_64-darwin": {
          "outputs": [
            {
              "name": "bin",
              "path": "/nix/store/w36x6lrfwybri9nv7dbf9zr7jrj8239q-shellcheck-0.10.0-bin",
              "default": true
            },
            {
              "name": "man",
              "path": "/nix/store/56l5i3gk7cwq0ixi128gwzc8y43s2df2-shellcheck-0.10.0-man",
              "default": true
            },
            {
              "name": "doc",
              "path": "/nix/store/zwna18ay6iffzfqq9gqz2y4vn02j1bj3-shellcheck-0.10.0-doc",
              "default": true
            },
            {
              "name": "out",
              "path": "/nix/store/ay72d21gvfqxw3dbf30d2426v0arnkr8-shellcheck-0.10.0"
            }
          ],
          "store_path": "/nix/store/w36x6lrfwybri9nv7dbf9zr7jrj8239q-shellcheck-0.10.0-bin"
        },
        "x86_64-linux": {
          "outputs": [
            {
              "name": "bin",
              "path": "/nix/store/8pgzqpmnalvmbssrq58ds0vs3ibl1fga-shellcheck-0.10.0-bin",
              "default": true
            },
            {
              "name": "man",
              "path": "/nix/store/663x2hqkjp87q4qs0djzk6mcflaa5sqn-shellcheck-0.10.0-man",
              "default": true
            },
            {
              "name": "doc",
              "path": "/nix/store/rkslnhivnfz5blckic85q1sjvkz2m2cl-shellcheck-0.10.0-doc",
              "default": true
            },
            {
              "name": "out",
              "path": "/nix/store/jkl2ws57q2411l387csl69dwspq96akb-shellcheck-0.10.0"
            }
          ],
          "store_path": "/nix/store/8pgzqpmnalvmbssrq58ds0vs3ibl1fga-shellcheck-0.10.0-bin"
        }
      }
    },
    "shfmt@3.8.0": {
      "last_modified": "2024-08-14T11:41:26Z",
      "resolved": "github:NixOS/nixpkgs/0cb2fd7c59fed0cd82ef858cbcbdb552b9a33465#shfmt",
      "source": "devbox-search",
      "version": "3.8.0",
      "systems": {
        "aarch64-darwin": {
          "outputs": [
            {
              "name": "out",
              "path": "/nix/store/m3zp3i6ydzn7wgyqnayix9m77dvrgagb-shfmt-3.8.0",
              "default": true
            }
          ],
          "store_path": "/nix/store/m3zp3i6ydzn7wgyqnayix9m77dvrgagb-shfmt-3.8.0"
        },
        "aarch64-linux": {
          "outputs": [
            {
              "name": "out",
              "path": "/nix/store/p5s3gyjhqaq9zpsf9m89wksdkmpcb065-shfmt-3.8.0",
              "default": true
            }
          ],
          "store_path": "/nix/store/p5s3gyjhqaq9zpsf9m89wksdkmpcb065-shfmt-3.8.0"
        },
        "x86_64-darwin": {
          "outputs": [
            {
              "name": "out",
              "path": "/nix/store/x33q7h4ypfhnn733jyjg6b6hiq6qy03v-shfmt-3.8.0",
              "default": true
            }
          ],
          "store_path": "/nix/store/x33q7h4ypfhnn733jyjg6b6hiq6qy03v-shfmt-3.8.0"
        },
        "x86_64-linux": {
          "outputs": [
            {
              "name": "out",
              "path": "/nix/store/0i22airrjb9f3s33q6g0nq9iprk79cwa-shfmt-3.8.0",
              "default": true
            }
          ],
          "store_path": "/nix/store/0i22airrjb9f3s33q6g0nq9iprk79cwa-shfmt-3.8.0"
        }
      }
    }
  }
}
